
Microsoft Visual Studio Solution File, Format Version 12.00
# Visual Studio Version 17
VisualStudioVersion = 17.9.34728.123
MinimumVisualStudioVersion = 10.0.40219.1
Project("{2150E333-8FDC-42A3-9474-1A3956D46DE8}") = "MessageBroker", "MessageBroker", "{7C88FF54-9135-4806-B22E-C0C16DE779D1}"
EndProject
Project("{9A19103F-16F7-4668-BE54-9A1E7A4F7556}") = "Producer.App", "Producer.App\Producer.App.csproj", "{0583D4F6-B932-44DB-A7C4-17462BF4A367}"
EndProject
Project("{9A19103F-16F7-4668-BE54-9A1E7A4F7556}") = "Consumer.App", "Consumer.App\Consumer.App.csproj", "{2AE38880-4DCB-4803-B294-76D53A2D052F}"
EndProject
Project("{2150E333-8FDC-42A3-9474-1A3956D46DE8}") = "Microservices", "Microservices", "{97EDF1AD-634B-4523-8CAD-0B47E7CD4DD4}"
EndProject
Project("{9A19103F-16F7-4668-BE54-9A1E7A4F7556}") = "Order.API", "Order.API\Order.API.csproj", "{583C2A31-A1F9-460D-9A5E-7420C5BE773A}"
EndProject
Project("{9A19103F-16F7-4668-BE54-9A1E7A4F7556}") = "Stock.API", "Stock.API\Stock.API.csproj", "{6ABC71A0-4335-4EA3-8317-A9F3F93E086A}"
EndProject
Project("{9A19103F-16F7-4668-BE54-9A1E7A4F7556}") = "EmailSender", "EmailSender\EmailSender.csproj", "{DF392B20-B744-4A72-AD91-82D857EFCB8B}"
EndProject
Project("{9A19103F-16F7-4668-BE54-9A1E7A4F7556}") = "Bus.Shared", "Bus.Shared\Bus.Shared.csproj", "{69995CFA-EA33-4831-9D3F-4B7E26A9C79E}"
EndProject
Project("{2150E333-8FDC-42A3-9474-1A3956D46DE8}") = "Docker", "Docker", "{586BC546-2174-4641-8D45-8AE3FC1781A0}"
EndProject
Project("{FAE04EC0-301F-11D3-BF4B-00C04F79EFBC}") = "Microservice1", "Microservice1\Microservice1.csproj", "{148FE634-566B-443A-BFC9-671450D964B4}"
EndProject
Project("{FAE04EC0-301F-11D3-BF4B-00C04F79EFBC}") = "Microservice2", "Microservice2\Microservice2.csproj", "{C53CA9E2-901A-42C1-9D86-CED415381DBD}"
EndProject
Project("{E53339B2-1760-4266-BCC7-CA923CBCF16C}") = "docker-compose", "docker-compose.dcproj", "{96C9E355-E7F0-4AFE-BCFC-16BD9A26BF40}"
EndProject
Global
	GlobalSection(SolutionConfigurationPlatforms) = preSolution
		Debug|Any CPU = Debug|Any CPU
		Release|Any CPU = Release|Any CPU
	EndGlobalSection
	GlobalSection(ProjectConfigurationPlatforms) = postSolution
		{0583D4F6-B932-44DB-A7C4-17462BF4A367}.Debug|Any CPU.ActiveCfg = Debug|Any CPU
		{0583D4F6-B932-44DB-A7C4-17462BF4A367}.Debug|Any CPU.Build.0 = Debug|Any CPU
		{0583D4F6-B932-44DB-A7C4-17462BF4A367}.Release|Any CPU.ActiveCfg = Release|Any CPU
		{0583D4F6-B932-44DB-A7C4-17462BF4A367}.Release|Any CPU.Build.0 = Release|Any CPU
		{2AE38880-4DCB-4803-B294-76D53A2D052F}.Debug|Any CPU.ActiveCfg = Debug|Any CPU
		{2AE38880-4DCB-4803-B294-76D53A2D052F}.Debug|Any CPU.Build.0 = Debug|Any CPU
		{2AE38880-4DCB-4803-B294-76D53A2D052F}.Release|Any CPU.ActiveCfg = Release|Any CPU
		{2AE38880-4DCB-4803-B294-76D53A2D052F}.Release|Any CPU.Build.0 = Release|Any CPU
		{583C2A31-A1F9-460D-9A5E-7420C5BE773A}.Debug|Any CPU.ActiveCfg = Debug|Any CPU
		{583C2A31-A1F9-460D-9A5E-7420C5BE773A}.Debug|Any CPU.Build.0 = Debug|Any CPU
		{583C2A31-A1F9-460D-9A5E-7420C5BE773A}.Release|Any CPU.ActiveCfg = Release|Any CPU
		{583C2A31-A1F9-460D-9A5E-7420C5BE773A}.Release|Any CPU.Build.0 = Release|Any CPU
		{6ABC71A0-4335-4EA3-8317-A9F3F93E086A}.Debug|Any CPU.ActiveCfg = Debug|Any CPU
		{6ABC71A0-4335-4EA3-8317-A9F3F93E086A}.Debug|Any CPU.Build.0 = Debug|Any CPU
		{6ABC71A0-4335-4EA3-8317-A9F3F93E086A}.Release|Any CPU.ActiveCfg = Release|Any CPU
		{6ABC71A0-4335-4EA3-8317-A9F3F93E086A}.Release|Any CPU.Build.0 = Release|Any CPU
		{DF392B20-B744-4A72-AD91-82D857EFCB8B}.Debug|Any CPU.ActiveCfg = Debug|Any CPU
		{DF392B20-B744-4A72-AD91-82D857EFCB8B}.Debug|Any CPU.Build.0 = Debug|Any CPU
		{DF392B20-B744-4A72-AD91-82D857EFCB8B}.Release|Any CPU.ActiveCfg = Release|Any CPU
		{DF392B20-B744-4A72-AD91-82D857EFCB8B}.Release|Any CPU.Build.0 = Release|Any CPU
		{69995CFA-EA33-4831-9D3F-4B7E26A9C79E}.Debug|Any CPU.ActiveCfg = Debug|Any CPU
		{69995CFA-EA33-4831-9D3F-4B7E26A9C79E}.Debug|Any CPU.Build.0 = Debug|Any CPU
		{69995CFA-EA33-4831-9D3F-4B7E26A9C79E}.Release|Any CPU.ActiveCfg = Release|Any CPU
		{69995CFA-EA33-4831-9D3F-4B7E26A9C79E}.Release|Any CPU.Build.0 = Release|Any CPU
		{148FE634-566B-443A-BFC9-671450D964B4}.Debug|Any CPU.ActiveCfg = Debug|Any CPU
		{148FE634-566B-443A-BFC9-671450D964B4}.Debug|Any CPU.Build.0 = Debug|Any CPU
		{148FE634-566B-443A-BFC9-671450D964B4}.Release|Any CPU.ActiveCfg = Release|Any CPU
		{148FE634-566B-443A-BFC9-671450D964B4}.Release|Any CPU.Build.0 = Release|Any CPU
		{C53CA9E2-901A-42C1-9D86-CED415381DBD}.Debug|Any CPU.ActiveCfg = Debug|Any CPU
		{C53CA9E2-901A-42C1-9D86-CED415381DBD}.Debug|Any CPU.Build.0 = Debug|Any CPU
		{C53CA9E2-901A-42C1-9D86-CED415381DBD}.Release|Any CPU.ActiveCfg = Release|Any CPU
		{C53CA9E2-901A-42C1-9D86-CED415381DBD}.Release|Any CPU.Build.0 = Release|Any CPU
		{96C9E355-E7F0-4AFE-BCFC-16BD9A26BF40}.Debug|Any CPU.ActiveCfg = Debug|Any CPU
		{96C9E355-E7F0-4AFE-BCFC-16BD9A26BF40}.Debug|Any CPU.Build.0 = Debug|Any CPU
		{96C9E355-E7F0-4AFE-BCFC-16BD9A26BF40}.Release|Any CPU.ActiveCfg = Release|Any CPU
		{96C9E355-E7F0-4AFE-BCFC-16BD9A26BF40}.Release|Any CPU.Build.0 = Release|Any CPU
	EndGlobalSection
	GlobalSection(SolutionProperties) = preSolution
		HideSolutionNode = FALSE
	EndGlobalSection
	GlobalSection(NestedProjects) = preSolution
		{0583D4F6-B932-44DB-A7C4-17462BF4A367} = {7C88FF54-9135-4806-B22E-C0C16DE779D1}
		{2AE38880-4DCB-4803-B294-76D53A2D052F} = {7C88FF54-9135-4806-B22E-C0C16DE779D1}
		{583C2A31-A1F9-460D-9A5E-7420C5BE773A} = {97EDF1AD-634B-4523-8CAD-0B47E7CD4DD4}
		{6ABC71A0-4335-4EA3-8317-A9F3F93E086A} = {97EDF1AD-634B-4523-8CAD-0B47E7CD4DD4}
		{DF392B20-B744-4A72-AD91-82D857EFCB8B} = {97EDF1AD-634B-4523-8CAD-0B47E7CD4DD4}
		{148FE634-566B-443A-BFC9-671450D964B4} = {586BC546-2174-4641-8D45-8AE3FC1781A0}
		{C53CA9E2-901A-42C1-9D86-CED415381DBD} = {586BC546-2174-4641-8D45-8AE3FC1781A0}
	EndGlobalSection
	GlobalSection(ExtensibilityGlobals) = postSolution
		SolutionGuid = {5C4494B2-B70E-41FD-AE28-A5A66B87DD3E}
	EndGlobalSection
EndGlobal
