
Microsoft Visual Studio Solution File, Format Version 12.00
# Visual Studio Version 17
VisualStudioVersion = 17.9.34728.123
MinimumVisualStudioVersion = 10.0.40219.1
Project("{E53339B2-1760-4266-BCC7-CA923CBCF16C}") = "docker-compose", "docker-compose.dcproj", "{96C9E355-E7F0-4AFE-BCFC-16BD9A26BF40}"
EndProject
Project("{2150E333-8FDC-42A3-9474-1A3956D46DE8}") = "Ocelot", "Ocelot", "{431DAD33-B441-48E5-A3E8-D3ABCFD4862C}"
EndProject
Project("{9A19103F-16F7-4668-BE54-9A1E7A4F7556}") = "Products.API", "Products.API\Products.API.csproj", "{C44CEDAE-7F46-474A-AB7F-97D72A260727}"
EndProject
Project("{9A19103F-16F7-4668-BE54-9A1E7A4F7556}") = "Stocks.API", "Stocks.API\Stocks.API.csproj", "{81369BE6-6F4B-4581-8451-66886AEC3D57}"
EndProject
Project("{9A19103F-16F7-4668-BE54-9A1E7A4F7556}") = "GatewayAsOcelot", "GatewayAsOcelot\GatewayAsOcelot.csproj", "{61CC746B-0386-48E5-ABEB-9471E2E0733A}"
EndProject
Global
	GlobalSection(SolutionConfigurationPlatforms) = preSolution
		Debug|Any CPU = Debug|Any CPU
		Release|Any CPU = Release|Any CPU
	EndGlobalSection
	GlobalSection(ProjectConfigurationPlatforms) = postSolution
		{96C9E355-E7F0-4AFE-BCFC-16BD9A26BF40}.Debug|Any CPU.ActiveCfg = Debug|Any CPU
		{96C9E355-E7F0-4AFE-BCFC-16BD9A26BF40}.Debug|Any CPU.Build.0 = Debug|Any CPU
		{96C9E355-E7F0-4AFE-BCFC-16BD9A26BF40}.Release|Any CPU.ActiveCfg = Release|Any CPU
		{96C9E355-E7F0-4AFE-BCFC-16BD9A26BF40}.Release|Any CPU.Build.0 = Release|Any CPU
		{C44CEDAE-7F46-474A-AB7F-97D72A260727}.Debug|Any CPU.ActiveCfg = Debug|Any CPU
		{C44CEDAE-7F46-474A-AB7F-97D72A260727}.Debug|Any CPU.Build.0 = Debug|Any CPU
		{C44CEDAE-7F46-474A-AB7F-97D72A260727}.Release|Any CPU.ActiveCfg = Release|Any CPU
		{C44CEDAE-7F46-474A-AB7F-97D72A260727}.Release|Any CPU.Build.0 = Release|Any CPU
		{81369BE6-6F4B-4581-8451-66886AEC3D57}.Debug|Any CPU.ActiveCfg = Debug|Any CPU
		{81369BE6-6F4B-4581-8451-66886AEC3D57}.Debug|Any CPU.Build.0 = Debug|Any CPU
		{81369BE6-6F4B-4581-8451-66886AEC3D57}.Release|Any CPU.ActiveCfg = Release|Any CPU
		{81369BE6-6F4B-4581-8451-66886AEC3D57}.Release|Any CPU.Build.0 = Release|Any CPU
		{61CC746B-0386-48E5-ABEB-9471E2E0733A}.Debug|Any CPU.ActiveCfg = Debug|Any CPU
		{61CC746B-0386-48E5-ABEB-9471E2E0733A}.Debug|Any CPU.Build.0 = Debug|Any CPU
		{61CC746B-0386-48E5-ABEB-9471E2E0733A}.Release|Any CPU.ActiveCfg = Release|Any CPU
		{61CC746B-0386-48E5-ABEB-9471E2E0733A}.Release|Any CPU.Build.0 = Release|Any CPU
	EndGlobalSection
	GlobalSection(SolutionProperties) = preSolution
		HideSolutionNode = FALSE
	EndGlobalSection
	GlobalSection(NestedProjects) = preSolution
		{C44CEDAE-7F46-474A-AB7F-97D72A260727} = {431DAD33-B441-48E5-A3E8-D3ABCFD4862C}
		{81369BE6-6F4B-4581-8451-66886AEC3D57} = {431DAD33-B441-48E5-A3E8-D3ABCFD4862C}
		{61CC746B-0386-48E5-ABEB-9471E2E0733A} = {431DAD33-B441-48E5-A3E8-D3ABCFD4862C}
	EndGlobalSection
	GlobalSection(ExtensibilityGlobals) = postSolution
		SolutionGuid = {5C4494B2-B70E-41FD-AE28-A5A66B87DD3E}
	EndGlobalSection
EndGlobal
