
Microsoft Visual Studio Solution File, Format Version 12.00
# Visual Studio Version 17
VisualStudioVersion = 17.9.34728.123
MinimumVisualStudioVersion = 10.0.40219.1
Project("{FAE04EC0-301F-11D3-BF4B-00C04F79EFBC}") = "Clean.API", "Clean.API\Clean.API.csproj", "{4DBAEB40-0F81-402E-A9AD-BDED28D92D2C}"
EndProject
Project("{2150E333-8FDC-42A3-9474-1A3956D46DE8}") = "NLayer", "NLayer", "{8B48B9B0-A931-4EF9-8B98-29FEB26FB898}"
EndProject
Project("{2150E333-8FDC-42A3-9474-1A3956D46DE8}") = "Clean", "Clean", "{FEE10974-051F-4B3E-966D-08C950A921CD}"
EndProject
Project("{FAE04EC0-301F-11D3-BF4B-00C04F79EFBC}") = "NLayer.API", "NLayer.API\NLayer.API.csproj", "{E7FCBE93-DC83-40A4-A803-9AED2F093DA8}"
EndProject
Project("{FAE04EC0-301F-11D3-BF4B-00C04F79EFBC}") = "NLayer.Repository", "NLayer.Repository\NLayer.Repository.csproj", "{F3DCEC87-1D5D-42AA-AFA4-134E506DC4CC}"
EndProject
Project("{FAE04EC0-301F-11D3-BF4B-00C04F79EFBC}") = "NLayer.Service", "NLayer.Service\NLayer.Service.csproj", "{711888DB-67C8-4B54-9E4C-1026649B4EC9}"
EndProject
Project("{FAE04EC0-301F-11D3-BF4B-00C04F79EFBC}") = "Nlayer.Cache", "Nlayer.Cache\Nlayer.Cache.csproj", "{FC70FAAF-1B4E-44BE-B5E4-DE19C61ACA4E}"
EndProject
Project("{FAE04EC0-301F-11D3-BF4B-00C04F79EFBC}") = "Clean.Repository", "Clean.Repository\Clean.Repository.csproj", "{188B92DB-ECBD-4CF0-A904-7B0E22E673DF}"
EndProject
Project("{FAE04EC0-301F-11D3-BF4B-00C04F79EFBC}") = "Clean.Service", "Clean.Service\Clean.Service.csproj", "{8B2E9236-6F21-45B3-94C3-17CAC5A34AE6}"
EndProject
Project("{FAE04EC0-301F-11D3-BF4B-00C04F79EFBC}") = "Clean.Cache", "Clean.Cache\Clean.Cache.csproj", "{F5BDB9A7-DBED-47D7-8EE9-BAF73053AD7F}"
EndProject
Project("{FAE04EC0-301F-11D3-BF4B-00C04F79EFBC}") = "Clean.Domain", "Clean.Domain\Clean.Domain.csproj", "{3B64524F-B420-4568-99E1-C939C1D73D7B}"
EndProject
Global
	GlobalSection(SolutionConfigurationPlatforms) = preSolution
		Debug|Any CPU = Debug|Any CPU
		Release|Any CPU = Release|Any CPU
	EndGlobalSection
	GlobalSection(ProjectConfigurationPlatforms) = postSolution
		{4DBAEB40-0F81-402E-A9AD-BDED28D92D2C}.Debug|Any CPU.ActiveCfg = Debug|Any CPU
		{4DBAEB40-0F81-402E-A9AD-BDED28D92D2C}.Debug|Any CPU.Build.0 = Debug|Any CPU
		{4DBAEB40-0F81-402E-A9AD-BDED28D92D2C}.Release|Any CPU.ActiveCfg = Release|Any CPU
		{4DBAEB40-0F81-402E-A9AD-BDED28D92D2C}.Release|Any CPU.Build.0 = Release|Any CPU
		{E7FCBE93-DC83-40A4-A803-9AED2F093DA8}.Debug|Any CPU.ActiveCfg = Debug|Any CPU
		{E7FCBE93-DC83-40A4-A803-9AED2F093DA8}.Debug|Any CPU.Build.0 = Debug|Any CPU
		{E7FCBE93-DC83-40A4-A803-9AED2F093DA8}.Release|Any CPU.ActiveCfg = Release|Any CPU
		{E7FCBE93-DC83-40A4-A803-9AED2F093DA8}.Release|Any CPU.Build.0 = Release|Any CPU
		{F3DCEC87-1D5D-42AA-AFA4-134E506DC4CC}.Debug|Any CPU.ActiveCfg = Debug|Any CPU
		{F3DCEC87-1D5D-42AA-AFA4-134E506DC4CC}.Debug|Any CPU.Build.0 = Debug|Any CPU
		{F3DCEC87-1D5D-42AA-AFA4-134E506DC4CC}.Release|Any CPU.ActiveCfg = Release|Any CPU
		{F3DCEC87-1D5D-42AA-AFA4-134E506DC4CC}.Release|Any CPU.Build.0 = Release|Any CPU
		{711888DB-67C8-4B54-9E4C-1026649B4EC9}.Debug|Any CPU.ActiveCfg = Debug|Any CPU
		{711888DB-67C8-4B54-9E4C-1026649B4EC9}.Debug|Any CPU.Build.0 = Debug|Any CPU
		{711888DB-67C8-4B54-9E4C-1026649B4EC9}.Release|Any CPU.ActiveCfg = Release|Any CPU
		{711888DB-67C8-4B54-9E4C-1026649B4EC9}.Release|Any CPU.Build.0 = Release|Any CPU
		{FC70FAAF-1B4E-44BE-B5E4-DE19C61ACA4E}.Debug|Any CPU.ActiveCfg = Debug|Any CPU
		{FC70FAAF-1B4E-44BE-B5E4-DE19C61ACA4E}.Debug|Any CPU.Build.0 = Debug|Any CPU
		{FC70FAAF-1B4E-44BE-B5E4-DE19C61ACA4E}.Release|Any CPU.ActiveCfg = Release|Any CPU
		{FC70FAAF-1B4E-44BE-B5E4-DE19C61ACA4E}.Release|Any CPU.Build.0 = Release|Any CPU
		{188B92DB-ECBD-4CF0-A904-7B0E22E673DF}.Debug|Any CPU.ActiveCfg = Debug|Any CPU
		{188B92DB-ECBD-4CF0-A904-7B0E22E673DF}.Debug|Any CPU.Build.0 = Debug|Any CPU
		{188B92DB-ECBD-4CF0-A904-7B0E22E673DF}.Release|Any CPU.ActiveCfg = Release|Any CPU
		{188B92DB-ECBD-4CF0-A904-7B0E22E673DF}.Release|Any CPU.Build.0 = Release|Any CPU
		{8B2E9236-6F21-45B3-94C3-17CAC5A34AE6}.Debug|Any CPU.ActiveCfg = Debug|Any CPU
		{8B2E9236-6F21-45B3-94C3-17CAC5A34AE6}.Debug|Any CPU.Build.0 = Debug|Any CPU
		{8B2E9236-6F21-45B3-94C3-17CAC5A34AE6}.Release|Any CPU.ActiveCfg = Release|Any CPU
		{8B2E9236-6F21-45B3-94C3-17CAC5A34AE6}.Release|Any CPU.Build.0 = Release|Any CPU
		{F5BDB9A7-DBED-47D7-8EE9-BAF73053AD7F}.Debug|Any CPU.ActiveCfg = Debug|Any CPU
		{F5BDB9A7-DBED-47D7-8EE9-BAF73053AD7F}.Debug|Any CPU.Build.0 = Debug|Any CPU
		{F5BDB9A7-DBED-47D7-8EE9-BAF73053AD7F}.Release|Any CPU.ActiveCfg = Release|Any CPU
		{F5BDB9A7-DBED-47D7-8EE9-BAF73053AD7F}.Release|Any CPU.Build.0 = Release|Any CPU
		{3B64524F-B420-4568-99E1-C939C1D73D7B}.Debug|Any CPU.ActiveCfg = Debug|Any CPU
		{3B64524F-B420-4568-99E1-C939C1D73D7B}.Debug|Any CPU.Build.0 = Debug|Any CPU
		{3B64524F-B420-4568-99E1-C939C1D73D7B}.Release|Any CPU.ActiveCfg = Release|Any CPU
		{3B64524F-B420-4568-99E1-C939C1D73D7B}.Release|Any CPU.Build.0 = Release|Any CPU
	EndGlobalSection
	GlobalSection(SolutionProperties) = preSolution
		HideSolutionNode = FALSE
	EndGlobalSection
	GlobalSection(NestedProjects) = preSolution
		{4DBAEB40-0F81-402E-A9AD-BDED28D92D2C} = {FEE10974-051F-4B3E-966D-08C950A921CD}
		{E7FCBE93-DC83-40A4-A803-9AED2F093DA8} = {8B48B9B0-A931-4EF9-8B98-29FEB26FB898}
		{F3DCEC87-1D5D-42AA-AFA4-134E506DC4CC} = {8B48B9B0-A931-4EF9-8B98-29FEB26FB898}
		{711888DB-67C8-4B54-9E4C-1026649B4EC9} = {8B48B9B0-A931-4EF9-8B98-29FEB26FB898}
		{FC70FAAF-1B4E-44BE-B5E4-DE19C61ACA4E} = {8B48B9B0-A931-4EF9-8B98-29FEB26FB898}
		{188B92DB-ECBD-4CF0-A904-7B0E22E673DF} = {FEE10974-051F-4B3E-966D-08C950A921CD}
		{8B2E9236-6F21-45B3-94C3-17CAC5A34AE6} = {FEE10974-051F-4B3E-966D-08C950A921CD}
		{F5BDB9A7-DBED-47D7-8EE9-BAF73053AD7F} = {FEE10974-051F-4B3E-966D-08C950A921CD}
		{3B64524F-B420-4568-99E1-C939C1D73D7B} = {FEE10974-051F-4B3E-966D-08C950A921CD}
	EndGlobalSection
	GlobalSection(ExtensibilityGlobals) = postSolution
		SolutionGuid = {5C4494B2-B70E-41FD-AE28-A5A66B87DD3E}
	EndGlobalSection
EndGlobal
